{
  "name": "anonymous-whatsapp-linker",
  "version": "1.0.0",
  "lockfileVersion": 3,
  "requires": true,
  "packages": {
    "": {
      "name": "anonymous-whatsapp-linker",
      "version": "1.0.0",
      "dependencies": {
        "express": "^4.18.2",
        "qrcode": "^1.5.1",
        "whatsapp-web.js": "^1.23.0"
      }
    },
    "node_modules/express": {
      "version": "4.18.2",
      "resolved": "https://registry.npmjs.org/express/-/express-4.18.2.tgz",
      "integrity": "sha512-5tKga54X7aTSkKZzfaJQAzD3tFlC07qB5X3Z0Z3nVXyZmzQ56b8Z/N7n9E5uKU4yRr0Mi2nQ0vcvttvsl1GzUA==",
      "dependencies": {
        "accepts": "~1.3.5",
        "array-flatten": "1.1.1",
        "body-parser": "1.20.2",
        "content-disposition": "0.5.4",
        "cookie": "0.5.0",
        "debug": "2.6.9",
        "qs": "6.11.0"
      }
    },
    "node_modules/qrcode": {
      "version": "1.5.1",
      "resolved": "https://registry.npmjs.org/qrcode/-/qrcode-1.5.1.tgz",
      "integrity": "sha512-ZVZq0Ldxuy8kK6Ep+bMQ0cZSlbsHAr5qBht1AVyM7vItANoWfA3DJzJY6e0akQMGSPTfK5cfq8S6Twl2h4Hk+g=="
    },
    "node_modules/whatsapp-web.js": {
      "version": "1.23.0",
      "resolved": "https://registry.npmjs.org/whatsapp-web.js/-/whatsapp-web.js-1.23.0.tgz",
      "integrity": "sha512-pgXe8r1S7pyZJ9c8yFJygXh+C1ZDpJ5xVnDHzEYPjHg3q3ksv9yo7zX9nnbw+LzK5QtkkaZqTqjCHc5snWVpHg==",
      "dependencies": {
        "@wppconnect/wa-version": "^1.5.2",
        "puppeteer": "^19.3.0"
      }
    }
  },
  "dependencies": {
    "express": {
      "version": "4.18.2",
      "resolved": "https://registry.npmjs.org/express/-/express-4.18.2.tgz",
      "integrity": "sha512-5tKga54X7aTSkKZzfaJQAzD3tFlC07qB5X3Z0Z3nVXyZmzQ56b8Z/N7n9E5uKU4yRr0Mi2nQ0vcvttvsl1GzUA=="
    },
    "qrcode": {
      "version": "1.5.1",
      "resolved": "https://registry.npmjs.org/qrcode/-/qrcode-1.5.1.tgz",
      "integrity": "sha512-ZVZq0Ldxuy8kK6Ep+bMQ0cZSlbsHAr5qBht1AVyM7vItANoWfA3DJzJY6e0akQMGSPTfK5cfq8S6Twl2h4Hk+g=="
    },
    "whatsapp-web.js": {
      "version": "1.23.0",
      "resolved": "https://registry.npmjs.org/whatsapp-web.js/-/whatsapp-web.js-1.23.0.tgz",
      "integrity": "sha512-pgXe8r1S7pyZJ9c8yFJygXh+C1ZDpJ5xVnDHzEYPjHg3q3ksv9yo7zX9nnbw+LzK5QtkkaZqTqjCHc5snWVpHg=="
    }
  }
}
